github.com/MicahParks/jwkset v0.5.19 h1:XZCsgJv05DBCvxEHYEHlSafqiuVn5ESG0VRB331Fxhw=
github.com/MicahParks/jwkset v0.5.19/go.mod h1:q8ptTGn/Z9c4MwbcfeCDssADeVQb3Pk7PnVxrvi+2QY=
github.com/MicahParks/keyfunc/v3 v3.3.5 h1:7ceAJLUAldnoueHDNzF8Bx06oVcQ5CfJnYwNt1U3YYo=
github.com/MicahParks/keyfunc/v3 v3.3.5/go.mod h1:SdCCyMJn/bYqWDvARspC6nCT8Sk74MjuAY22C7dCST8=
github.com/coder/acp-go-sdk v0.6.3 h1:LsXQytehdjKIYJnoVWON/nf7mqbiarnyuyE3rrjBsXQ=
github.com/coder/acp-go-sdk v0.6.3/go.mod h1:yKzM/3R9uELp4+nBAwwtkS0aN1FOFjo11CNPy37yFko=
github.com/creack/pty v1.1.21 h1:1/QdRyBaHHJP61QkWMXlOIBfsgdDeeKfK8SYVUWJKf0=
github.com/creack/pty v1.1.21/go.mod h1:MOBLtS5ELjhRRrroQr9kyvTxUAFNvYEK993ew/Vr4O4=
github.com/golang-jwt/jwt/v5 v5.2.1 h1:OuVbFODueb089Lh128TAcimifWaLhJwVflnrgM17wHk=
github.com/golang-jwt/jwt/v5 v5.2.1/go.mod h1:pqrtFR0X4osieyHYxtmOUWsAWrfe1Q5UVIyoH402zdk=
github.com/gorilla/websocket v1.5.3 h1:saDtZ6Pbx/0u+bgYQ3q96pZgCzfhKXGPqt7kZ72aNNg=
github.com/gorilla/websocket v1.5.3/go.mod h1:YR8l580nyteQvAITg2hZ9XVh4b55+EU/adAjf1fMHhE=
golang.org/x/time v0.5.0 h1:o7cqy6amK/52YcAKIPlM3a+Fpj35zvRj2TP+e1xFSfk=
golang.org/x/time v0.5.0/go.mod h1:3BpzKBy/shNhVucY/MWOyx10tF3SFh9QdLuxbVysPQM=
